
Microsoft Visual Studio Solution File, Format Version 12.00
# Visual Studio Version 16
VisualStudioVersion = 16.0.31624.102
MinimumVisualStudioVersion = 10.0.40219.1
Project("{FAE04EC0-301F-11D3-BF4B-00C04F79EFBC}") = "ConsoleApp1", "ConsoleApp1\ConsoleApp1.csproj", "{5C2BFAC0-6491-4037-A4A4-3E0594C3ED2B}"
EndProject
Project("{FAE04EC0-301F-11D3-BF4B-00C04F79EFBC}") = "ConsoleApp2", "ConsoleApp2\ConsoleApp2.csproj", "{C742DE3A-DE0E-4ED9-B906-C8F04F7378CF}"
EndProject
Project("{FAE04EC0-301F-11D3-BF4B-00C04F79EFBC}") = "ConsoleApp3", "ConsoleApp3\ConsoleApp3.csproj", "{C55D54F5-29FD-4F9E-895A-B50629AA75D8}"
EndProject
Project("{FAE04EC0-301F-11D3-BF4B-00C04F79EFBC}") = "ConsoleApp4", "ConsoleApp4\ConsoleApp4.csproj", "{1000F8E1-399A-4516-ABAC-3E7DED930C41}"
EndProject
Project("{FAE04EC0-301F-11D3-BF4B-00C04F79EFBC}") = "ConsoleApp5", "ConsoleApp5\ConsoleApp5.csproj", "{EC340E6B-ADA7-4787-AEA2-D0165C6DC91C}"
EndProject
Global
	GlobalSection(SolutionConfigurationPlatforms) = preSolution
		Debug|Any CPU = Debug|Any CPU
		Release|Any CPU = Release|Any CPU
	EndGlobalSection
	GlobalSection(ProjectConfigurationPlatforms) = postSolution
		{5C2BFAC0-6491-4037-A4A4-3E0594C3ED2B}.Debug|Any CPU.ActiveCfg = Debug|Any CPU
		{5C2BFAC0-6491-4037-A4A4-3E0594C3ED2B}.Debug|Any CPU.Build.0 = Debug|Any CPU
		{5C2BFAC0-6491-4037-A4A4-3E0594C3ED2B}.Release|Any CPU.ActiveCfg = Release|Any CPU
		{5C2BFAC0-6491-4037-A4A4-3E0594C3ED2B}.Release|Any CPU.Build.0 = Release|Any CPU
		{C742DE3A-DE0E-4ED9-B906-C8F04F7378CF}.Debug|Any CPU.ActiveCfg = Debug|Any CPU
		{C742DE3A-DE0E-4ED9-B906-C8F04F7378CF}.Debug|Any CPU.Build.0 = Debug|Any CPU
		{C742DE3A-DE0E-4ED9-B906-C8F04F7378CF}.Release|Any CPU.ActiveCfg = Release|Any CPU
		{C742DE3A-DE0E-4ED9-B906-C8F04F7378CF}.Release|Any CPU.Build.0 = Release|Any CPU
		{C55D54F5-29FD-4F9E-895A-B50629AA75D8}.Debug|Any CPU.ActiveCfg = Debug|Any CPU
		{C55D54F5-29FD-4F9E-895A-B50629AA75D8}.Debug|Any CPU.Build.0 = Debug|Any CPU
		{C55D54F5-29FD-4F9E-895A-B50629AA75D8}.Release|Any CPU.ActiveCfg = Release|Any CPU
		{C55D54F5-29FD-4F9E-895A-B50629AA75D8}.Release|Any CPU.Build.0 = Release|Any CPU
		{1000F8E1-399A-4516-ABAC-3E7DED930C41}.Debug|Any CPU.ActiveCfg = Debug|Any CPU
		{1000F8E1-399A-4516-ABAC-3E7DED930C41}.Debug|Any CPU.Build.0 = Debug|Any CPU
		{1000F8E1-399A-4516-ABAC-3E7DED930C41}.Release|Any CPU.ActiveCfg = Release|Any CPU
		{1000F8E1-399A-4516-ABAC-3E7DED930C41}.Release|Any CPU.Build.0 = Release|Any CPU
		{EC340E6B-ADA7-4787-AEA2-D0165C6DC91C}.Debug|Any CPU.ActiveCfg = Debug|Any CPU
		{EC340E6B-ADA7-4787-AEA2-D0165C6DC91C}.Debug|Any CPU.Build.0 = Debug|Any CPU
		{EC340E6B-ADA7-4787-AEA2-D0165C6DC91C}.Release|Any CPU.ActiveCfg = Release|Any CPU
		{EC340E6B-ADA7-4787-AEA2-D0165C6DC91C}.Release|Any CPU.Build.0 = Release|Any CPU
	EndGlobalSection
	GlobalSection(SolutionProperties) = preSolution
		HideSolutionNode = FALSE
	EndGlobalSection
	GlobalSection(ExtensibilityGlobals) = postSolution
		SolutionGuid = {181AD725-CEA6-45E5-B087-D06459B26D20}
	EndGlobalSection
EndGlobal
